{
    "_meta": {
        "hash": {
            "sha256": "7637e4e55c65841d3471680ba0d2d51511ed31fb5ac18eeeba625c9d616992e6"
        },
        "pipfile-spec": 6,
        "requires": {
            "python_version": "3.7"
        },
        "sources": [
            {
                "name": "pypi",
                "url": "https://pypi.python.org/simple",
                "verify_ssl": true
            }
        ]
    },
    "default": {
        "astroid": {
            "hashes": [
                "sha256:35b032003d6a863f5dcd7ec11abd5cd5893428beaa31ab164982403bcb311f22",
                "sha256:6a5d668d7dc69110de01cdf7aeec69a679ef486862a0850cc0fd5571505b6b7e"
            ],
            "index": "pypi",
            "version": "==2.1.0"
        },
        "django": {
            "hashes": [
                "sha256:84f370f6acedbe1f3c41e1a02de44ac206efda3355e427139ecb785b5f596d80",
                "sha256:e8fe3c2b2212dce6126becab7a693157f1a441a07b62ec994c046c76af5bb66d"
            ],
            "index": "pypi",
            "version": "==2.2.13"
        },
        "django-markdown-deux": {
            "hashes": [
                "sha256:5b4a3cd9454af5b4cec0e19151b41d98d09400ddae0688afb81dbf62a4edafff"
            ],
            "index": "pypi",
            "version": "==1.0.5"
        },
        "django-pagedown": {
            "hashes": [
                "sha256:cd24550256879077bc5699c41407e4f1f2c0d3409bf033ccdb68fc9502844b15"
            ],
            "index": "pypi",
            "version": "==1.0.6"
        },
        "django-reversion": {
            "hashes": [
                "sha256:1add55bb05311f4acd26683dd71af60729d4f33dfe42c608da8e15e679a32009",
                "sha256:60efa47f02d8b0451aff1d76e00e5122144b661bd720a099eb44241a081aa254"
            ],
            "index": "pypi",
            "version": "==3.0.5"
        },
        "gunicorn": {
            "hashes": [
                "sha256:aa8e0b40b4157b36a5df5e599f45c9c76d6af43845ba3b3b0efe2c70473c2471",
                "sha256:fa2662097c66f920f53f70621c6c58ca4a3c4d3434205e608e121b5b3b71f4f3"
            ],
            "index": "pypi",
            "version": "==19.9.0"
        },
        "isort": {
            "hashes": [
                "sha256:54da7e92468955c4fceacd0c86bd0ec997b0e1ee80d97f67c35a78b719dccab1",
                "sha256:6e811fcb295968434526407adb8796944f1988c5b65e8139058f2014cbe100fd"
            ],
            "version": "==4.3.21"
        },
        "lazy-object-proxy": {
            "hashes": [
                "sha256:0aef3fa29f7d1194d6f8a99382b1b844e5a14d3bc1ef82c3b1c4fb7e7e2019bc",
                "sha256:159ae2bbb4dc3ba506aeba868d14e56a754c0be402d1f0d7fdb264e0bdf2b095",
                "sha256:161a68a427022bf13e249458be2cb8da56b055988c584d372a917c665825ae9a",
                "sha256:2d58f0e6395bf41087a383a48b06b42165f3b699f1aa41ba201db84ab77be63d",
                "sha256:311c9d1840042fc8e2dd80fc80272a7ea73e7646745556153c9cda85a4628b18",
                "sha256:35c3ad7b7f7d5d4a54a80f0ff5a41ab186237d6486843f8dde00c42cfab33905",
                "sha256:459ef557e669d0046fe2b92eb4822c097c00b5ef9d11df0f9bd7d4267acdfc52",
                "sha256:4a50513b6be001b9b7be2c435478fe9669249c77c241813907a44cda1fcd03f4",
                "sha256:51035b175740c44707694c521560b55b66da9d5a7c545cf22582bc02deb61664",
                "sha256:96f2cdb35bdfda10e075f12892a42cff5179bbda698992b845f36c5e92755d33",
                "sha256:a0aed261060cd0372abf08d16399b1224dbb5b400312e6b00f2b23eabe1d4e96",
                "sha256:a6052c4c7d95de2345d9c58fc0fe34fff6c27a8ed8550dafeb18ada84406cc99",
                "sha256:cbf1354292a4f7abb6a0188f74f5e902e4510ebad105be1dbc4809d1ed92f77e",
                "sha256:da82b2372f5ded8806eaac95b19af89a7174efdb418d4e7beb0c6ab09cee7d95",
                "sha256:dd89f466c930d7cfe84c94b5cbe862867c88b269f23e5aa61d40945e0d746f54",
                "sha256:e3183fbeb452ec11670c2d9bfd08a57bc87e46856b24d1c335f995239bedd0e1",
                "sha256:e9a571e7168076a0d5ecaabd91e9032e86d815cca3a4bf0dafead539ef071aa5",
                "sha256:ec6aba217d0c4f71cbe48aea962a382dedcd111f47b55e8b58d4aaca519bd360"
            ],
            "version": "==1.5.0"
        },
        "markdown": {
            "hashes": [
                "sha256:c00429bd503a47ec88d5e30a751e147dcb4c6889663cd3e2ba0afe858e009baa",
                "sha256:d02e0f9b04c500cde6637c11ad7c72671f359b87b9fe924b2383649d8841db7c"
            ],
            "index": "pypi",
            "version": "==3.0.1"
        },
        "markdown2": {
            "hashes": [
                "sha256:89526090907ae5ece66d783c434b35c29ee500c1986309e306ce2346273ada6a",
                "sha256:e6b401ec80b75e76a6b3dbb2c8ade513156fa55fa6c30b9640a1abf6184a07c8"
            ],
            "version": "==2.3.9"
        },
        "mccabe": {
            "hashes": [
                "sha256:ab8a6258860da4b6677da4bd2fe5dc2c659cff31b3ee4f7f5d64e79735b80d42",
                "sha256:dd8d182285a0fe56bace7f45b5e7d1a6ebcbf524e8f3bd87eb0f125271b8831f"
            ],
            "version": "==0.6.1"
        },
        "pillow": {
            "hashes": [
                "sha256:051de330a06c99d6f84bcf582960487835bcae3fc99365185dc2d4f65a390c0e",
                "sha256:0ae5289948c5e0a16574750021bd8be921c27d4e3527800dc9c2c1d2abc81bf7",
                "sha256:0b1efce03619cdbf8bcc61cfae81fcda59249a469f31c6735ea59badd4a6f58a",
                "sha256:163136e09bd1d6c6c6026b0a662976e86c58b932b964f255ff384ecc8c3cefa3",
                "sha256:18e912a6ccddf28defa196bd2021fe33600cbe5da1aa2f2e2c6df15f720b73d1",
                "sha256:24ec3dea52339a610d34401d2d53d0fb3c7fd08e34b20c95d2ad3973193591f1",
                "sha256:267f8e4c0a1d7e36e97c6a604f5b03ef58e2b81c1becb4fccecddcb37e063cc7",
                "sha256:3273a28734175feebbe4d0a4cde04d4ed20f620b9b506d26f44379d3c72304e1",
                "sha256:4c678e23006798fc8b6f4cef2eaad267d53ff4c1779bd1af8725cc11b72a63f3",
                "sha256:4d4bc2e6bb6861103ea4655d6b6f67af8e5336e7216e20fff3e18ffa95d7a055",
                "sha256:505738076350a337c1740a31646e1de09a164c62c07db3b996abdc0f9d2e50cf",
                "sha256:5233664eadfa342c639b9b9977190d64ad7aca4edc51a966394d7e08e7f38a9f",
                "sha256:5d95cb9f6cced2628f3e4de7e795e98b2659dfcc7176ab4a01a8b48c2c2f488f",
                "sha256:7eda4c737637af74bac4b23aa82ea6fbb19002552be85f0b89bc27e3a762d239",
                "sha256:801ddaa69659b36abf4694fed5aa9f61d1ecf2daaa6c92541bbbbb775d97b9fe",
                "sha256:825aa6d222ce2c2b90d34a0ea31914e141a85edefc07e17342f1d2fdf121c07c",
                "sha256:9c215442ff8249d41ff58700e91ef61d74f47dfd431a50253e1a1ca9436b0697",
                "sha256:a3d90022f2202bbb14da991f26ca7a30b7e4c62bf0f8bf9825603b22d7e87494",
                "sha256:a631fd36a9823638fe700d9225f9698fb59d049c942d322d4c09544dc2115356",
                "sha256:a6523a23a205be0fe664b6b8747a5c86d55da960d9586db039eec9f5c269c0e6",
                "sha256:a756ecf9f4b9b3ed49a680a649af45a8767ad038de39e6c030919c2f443eb000",
                "sha256:b117287a5bdc81f1bac891187275ec7e829e961b8032c9e5ff38b70fd036c78f",
                "sha256:ba04f57d1715ca5ff74bb7f8a818bf929a204b3b3c2c2826d1e1cc3b1c13398c",
                "sha256:cd878195166723f30865e05d87cbaf9421614501a4bd48792c5ed28f90fd36ca",
                "sha256:cee815cc62d136e96cf76771b9d3eb58e0777ec18ea50de5cfcede8a7c429aa8",
                "sha256:d1722b7aa4b40cf93ac3c80d3edd48bf93b9208241d166a14ad8e7a20ee1d4f3",
                "sha256:d7c1c06246b05529f9984435fc4fa5a545ea26606e7f450bdbe00c153f5aeaad",
                "sha256:e9c8066249c040efdda84793a2a669076f92a301ceabe69202446abb4c5c5ef9",
                "sha256:f227d7e574d050ff3996049e086e1f18c7bd2d067ef24131e50a1d3fe5831fbc",
                "sha256:fc9a12aad714af36cf3ad0275a96a733526571e52710319855628f476dcb144e"
            ],
            "index": "pypi",
            "version": "==5.4.1"
        },
        "pygments": {
            "hashes": [
                "sha256:5ffada19f6203563680669ee7f53b64dabbeb100eb51b61996085e99c03b284a",
                "sha256:e8218dd399a61674745138520d0d4cf2621d7e032439341bc3f647bff125818d"
            ],
            "index": "pypi",
            "version": "==2.3.1"
        },
        "pylint": {
            "hashes": [
                "sha256:689de29ae747642ab230c6d37be2b969bf75663176658851f456619aacf27492",
                "sha256:771467c434d0d9f081741fec1d64dfb011ed26e65e12a28fe06ca2f61c4d556c"
            ],
            "index": "pypi",
            "version": "==2.2.2"
        },
        "pytz": {
            "hashes": [
                "sha256:1c557d7d0e871de1f5ccd5833f60fb2550652da6be2693c1e02300743d21500d",
                "sha256:b02c06db6cf09c12dd25137e563b31700d3b80fcc4ad23abb7a315f2789819be"
            ],
            "index": "pypi",
            "version": "==2019.3"
        },
        "six": {
            "hashes": [
                "sha256:30639c035cdb23534cd4aa2dd52c3bf48f06e5f4a941509c8bafd8ce11080259",
                "sha256:8b74bedcbbbaca38ff6d7491d76f2b06b3592611af620f8426e82dddb04a5ced"
            ],
            "version": "==1.15.0"
        },
        "sorl-thumbnail": {
            "hashes": [
                "sha256:8dfe5fda91a5047d1d35a0b9effe7b000764a01d648e15ca076f44e9c34b6dbd",
                "sha256:d9e3f018d19293824803e4ffead96b19dfcd44fa7987cea392f50436817bef34"
            ],
            "index": "pypi",
            "version": "==12.5.0"
        },
        "sqlparse": {
            "hashes": [
                "sha256:022fb9c87b524d1f7862b3037e541f68597a730a8843245c349fc93e1643dc4e",
                "sha256:e162203737712307dfe78860cc56c8da8a852ab2ee33750e33aeadf38d12c548"
            ],
            "version": "==0.3.1"
        },
        "wrapt": {
            "hashes": [
                "sha256:b62ffa81fb85f4332a4f609cab4ac40709470da05643a082ec1eb88e6d9b97d7"
            ],
            "version": "==1.12.1"
        }
    },
    "develop": {
        "astroid": {
            "hashes": [
                "sha256:35b032003d6a863f5dcd7ec11abd5cd5893428beaa31ab164982403bcb311f22",
                "sha256:6a5d668d7dc69110de01cdf7aeec69a679ef486862a0850cc0fd5571505b6b7e"
            ],
            "index": "pypi",
            "version": "==2.1.0"
        },
        "isort": {
            "hashes": [
                "sha256:54da7e92468955c4fceacd0c86bd0ec997b0e1ee80d97f67c35a78b719dccab1",
                "sha256:6e811fcb295968434526407adb8796944f1988c5b65e8139058f2014cbe100fd"
            ],
            "version": "==4.3.21"
        },
        "lazy-object-proxy": {
            "hashes": [
                "sha256:0aef3fa29f7d1194d6f8a99382b1b844e5a14d3bc1ef82c3b1c4fb7e7e2019bc",
                "sha256:159ae2bbb4dc3ba506aeba868d14e56a754c0be402d1f0d7fdb264e0bdf2b095",
                "sha256:161a68a427022bf13e249458be2cb8da56b055988c584d372a917c665825ae9a",
                "sha256:2d58f0e6395bf41087a383a48b06b42165f3b699f1aa41ba201db84ab77be63d",
                "sha256:311c9d1840042fc8e2dd80fc80272a7ea73e7646745556153c9cda85a4628b18",
                "sha256:35c3ad7b7f7d5d4a54a80f0ff5a41ab186237d6486843f8dde00c42cfab33905",
                "sha256:459ef557e669d0046fe2b92eb4822c097c00b5ef9d11df0f9bd7d4267acdfc52",
                "sha256:4a50513b6be001b9b7be2c435478fe9669249c77c241813907a44cda1fcd03f4",
                "sha256:51035b175740c44707694c521560b55b66da9d5a7c545cf22582bc02deb61664",
                "sha256:96f2cdb35bdfda10e075f12892a42cff5179bbda698992b845f36c5e92755d33",
                "sha256:a0aed261060cd0372abf08d16399b1224dbb5b400312e6b00f2b23eabe1d4e96",
                "sha256:a6052c4c7d95de2345d9c58fc0fe34fff6c27a8ed8550dafeb18ada84406cc99",
                "sha256:cbf1354292a4f7abb6a0188f74f5e902e4510ebad105be1dbc4809d1ed92f77e",
                "sha256:da82b2372f5ded8806eaac95b19af89a7174efdb418d4e7beb0c6ab09cee7d95",
                "sha256:dd89f466c930d7cfe84c94b5cbe862867c88b269f23e5aa61d40945e0d746f54",
                "sha256:e3183fbeb452ec11670c2d9bfd08a57bc87e46856b24d1c335f995239bedd0e1",
                "sha256:e9a571e7168076a0d5ecaabd91e9032e86d815cca3a4bf0dafead539ef071aa5",
                "sha256:ec6aba217d0c4f71cbe48aea962a382dedcd111f47b55e8b58d4aaca519bd360"
            ],
            "version": "==1.5.0"
        },
        "mccabe": {
            "hashes": [
                "sha256:ab8a6258860da4b6677da4bd2fe5dc2c659cff31b3ee4f7f5d64e79735b80d42",
                "sha256:dd8d182285a0fe56bace7f45b5e7d1a6ebcbf524e8f3bd87eb0f125271b8831f"
            ],
            "version": "==0.6.1"
        },
        "pylint": {
            "hashes": [
                "sha256:689de29ae747642ab230c6d37be2b969bf75663176658851f456619aacf27492",
                "sha256:771467c434d0d9f081741fec1d64dfb011ed26e65e12a28fe06ca2f61c4d556c"
            ],
            "index": "pypi",
            "version": "==2.2.2"
        },
        "six": {
            "hashes": [
                "sha256:30639c035cdb23534cd4aa2dd52c3bf48f06e5f4a941509c8bafd8ce11080259",
                "sha256:8b74bedcbbbaca38ff6d7491d76f2b06b3592611af620f8426e82dddb04a5ced"
            ],
            "version": "==1.15.0"
        },
        "typed-ast": {
            "hashes": [
                "sha256:0666aa36131496aed8f7be0410ff974562ab7eeac11ef351def9ea6fa28f6355",
                "sha256:0c2c07682d61a629b68433afb159376e24e5b2fd4641d35424e462169c0a7919",
                "sha256:249862707802d40f7f29f6e1aad8d84b5aa9e44552d2cc17384b209f091276aa",
                "sha256:24995c843eb0ad11a4527b026b4dde3da70e1f2d8806c99b7b4a7cf491612652",
                "sha256:269151951236b0f9a6f04015a9004084a5ab0d5f19b57de779f908621e7d8b75",
                "sha256:4083861b0aa07990b619bd7ddc365eb7fa4b817e99cf5f8d9cf21a42780f6e01",
                "sha256:498b0f36cc7054c1fead3d7fc59d2150f4d5c6c56ba7fb150c013fbc683a8d2d",
                "sha256:4e3e5da80ccbebfff202a67bf900d081906c358ccc3d5e3c8aea42fdfdfd51c1",
                "sha256:6daac9731f172c2a22ade6ed0c00197ee7cc1221aa84cfdf9c31defeb059a907",
                "sha256:715ff2f2df46121071622063fc7543d9b1fd19ebfc4f5c8895af64a77a8c852c",
                "sha256:73d785a950fc82dd2a25897d525d003f6378d1cb23ab305578394694202a58c3",
                "sha256:8c8aaad94455178e3187ab22c8b01a3837f8ee50e09cf31f1ba129eb293ec30b",
                "sha256:8ce678dbaf790dbdb3eba24056d5364fb45944f33553dd5869b7580cdbb83614",
                "sha256:aaee9905aee35ba5905cfb3c62f3e83b3bec7b39413f0a7f19be4e547ea01ebb",
                "sha256:bcd3b13b56ea479b3650b82cabd6b5343a625b0ced5429e4ccad28a8973f301b",
                "sha256:c9e348e02e4d2b4a8b2eedb48210430658df6951fa484e59de33ff773fbd4b41",
                "sha256:d205b1b46085271b4e15f670058ce182bd1199e56b317bf2ec004b6a44f911f6",
                "sha256:d43943ef777f9a1c42bf4e552ba23ac77a6351de620aa9acf64ad54933ad4d34",
                "sha256:d5d33e9e7af3b34a40dc05f498939f0ebf187f07c385fd58d591c533ad8562fe",
                "sha256:fc0fea399acb12edbf8a628ba8d2312f583bdbdb3335635db062fa98cf71fca4",
                "sha256:fe460b922ec15dd205595c9b5b99e2f056fd98ae8f9f56b888e7a17dc2b757e7"
            ],
            "markers": "implementation_name == 'cpython' and python_version < '3.8'",
            "version": "==1.4.1"
        },
        "wrapt": {
            "hashes": [
                "sha256:b62ffa81fb85f4332a4f609cab4ac40709470da05643a082ec1eb88e6d9b97d7"
            ],
            "version": "==1.12.1"
        }
    }
}
